
Microsoft Visual Studio Solution File, Format Version 12.00
# Visual Studio Version 17
VisualStudioVersion = 17.1.32210.238
MinimumVisualStudioVersion = 10.0.40219.1
Project("{9A19103F-16F7-4668-BE54-9A1E7A4F7556}") = "FDU7VL_HFT_2021221.Client", "FDU7VL_HFT_2021221.Client\FDU7VL_HFT_2021221.Client.csproj", "{106A88BE-3B82-4AB2-AFBE-BE20FDCA860A}"
EndProject
Project("{9A19103F-16F7-4668-BE54-9A1E7A4F7556}") = "FDU7VL_HFT_2021221.Models", "FDU7VL_HFT_2021221.Models\FDU7VL_HFT_2021221.Models.csproj", "{005389D2-82BA-4D2F-8AD9-92FD682E8524}"
EndProject
Project("{9A19103F-16F7-4668-BE54-9A1E7A4F7556}") = "FDU7VL_HFT_2021221.Data", "FDU7VL_HFT_2021221.Data\FDU7VL_HFT_2021221.Data.csproj", "{4F301CFC-02CA-4541-BDD0-577479BA914C}"
EndProject
Project("{9A19103F-16F7-4668-BE54-9A1E7A4F7556}") = "FDU7VL_HFT_2021221.Logic", "FDU7VL_HFT_2021221.Logic\FDU7VL_HFT_2021221.Logic.csproj", "{6F1241BA-B74E-4D9C-B747-73733004250F}"
EndProject
Project("{9A19103F-16F7-4668-BE54-9A1E7A4F7556}") = "FDU7VL_HFT_2021221.Repository", "FDU7VL_HFT_2021221.Repository\FDU7VL_HFT_2021221.Repository.csproj", "{34E9D95E-B7CD-41BB-B751-7F75F9B8BB80}"
EndProject
Project("{9A19103F-16F7-4668-BE54-9A1E7A4F7556}") = "FDU7VL_HFT_2021221.Endpoint", "FDU7VL_HFT_2021221.Endpoint\FDU7VL_HFT_2021221.Endpoint.csproj", "{AF9391FF-4503-49FF-AC6B-EFD3CE8D920A}"
EndProject
Project("{9A19103F-16F7-4668-BE54-9A1E7A4F7556}") = "FDU7VL_HFT_2021221.Test", "FDU7VL_HFT_2021221.Test\FDU7VL_HFT_2021221.Test.csproj", "{AB54B132-CBD2-40BD-9E77-49061EAB77AF}"
EndProject
Project("{2150E333-8FDC-42A3-9474-1A3956D46DE8}") = "Backend", "Backend", "{5448444B-FCBC-4DDD-9FDE-FB724A7AFECF}"
EndProject
Project("{2150E333-8FDC-42A3-9474-1A3956D46DE8}") = "Frontend", "Frontend", "{A061958C-A92D-4BE8-B5C7-8AB4378B55EE}"
EndProject
Project("{2150E333-8FDC-42A3-9474-1A3956D46DE8}") = "Shared", "Shared", "{53234604-B32E-4656-AC53-8FCD1F715A27}"
EndProject
Project("{2150E333-8FDC-42A3-9474-1A3956D46DE8}") = "Others", "Others", "{8D6D8E53-7F98-4083-AB32-E06B2BD44C23}"
	ProjectSection(SolutionItems) = preProject
		.gitignore = .gitignore
	EndProjectSection
EndProject
Project("{9A19103F-16F7-4668-BE54-9A1E7A4F7556}") = "FDU7VL_HFT_2021221.WPFClient", "FDU7VL_HFT_2021221.WPFClient\FDU7VL_HFT_2021221.WPFClient.csproj", "{7D6BF96C-0838-4A8B-A327-9C91E4F6FD5E}"
EndProject
Project("{FAE04EC0-301F-11D3-BF4B-00C04F79EFBC}") = "FDU7VL_HFT2021221_JSClient", "FDU7VL_HFT2021221_JSClient\FDU7VL_HFT2021221_JSClient.csproj", "{BF41461A-4848-4053-BC79-73B62AC60661}"
EndProject
Global
	GlobalSection(SolutionConfigurationPlatforms) = preSolution
		Debug|Any CPU = Debug|Any CPU
		Release|Any CPU = Release|Any CPU
	EndGlobalSection
	GlobalSection(ProjectConfigurationPlatforms) = postSolution
		{106A88BE-3B82-4AB2-AFBE-BE20FDCA860A}.Debug|Any CPU.ActiveCfg = Debug|Any CPU
		{106A88BE-3B82-4AB2-AFBE-BE20FDCA860A}.Debug|Any CPU.Build.0 = Debug|Any CPU
		{106A88BE-3B82-4AB2-AFBE-BE20FDCA860A}.Release|Any CPU.ActiveCfg = Release|Any CPU
		{106A88BE-3B82-4AB2-AFBE-BE20FDCA860A}.Release|Any CPU.Build.0 = Release|Any CPU
		{005389D2-82BA-4D2F-8AD9-92FD682E8524}.Debug|Any CPU.ActiveCfg = Debug|Any CPU
		{005389D2-82BA-4D2F-8AD9-92FD682E8524}.Debug|Any CPU.Build.0 = Debug|Any CPU
		{005389D2-82BA-4D2F-8AD9-92FD682E8524}.Release|Any CPU.ActiveCfg = Release|Any CPU
		{005389D2-82BA-4D2F-8AD9-92FD682E8524}.Release|Any CPU.Build.0 = Release|Any CPU
		{4F301CFC-02CA-4541-BDD0-577479BA914C}.Debug|Any CPU.ActiveCfg = Debug|Any CPU
		{4F301CFC-02CA-4541-BDD0-577479BA914C}.Debug|Any CPU.Build.0 = Debug|Any CPU
		{4F301CFC-02CA-4541-BDD0-577479BA914C}.Release|Any CPU.ActiveCfg = Release|Any CPU
		{4F301CFC-02CA-4541-BDD0-577479BA914C}.Release|Any CPU.Build.0 = Release|Any CPU
		{6F1241BA-B74E-4D9C-B747-73733004250F}.Debug|Any CPU.ActiveCfg = Debug|Any CPU
		{6F1241BA-B74E-4D9C-B747-73733004250F}.Debug|Any CPU.Build.0 = Debug|Any CPU
		{6F1241BA-B74E-4D9C-B747-73733004250F}.Release|Any CPU.ActiveCfg = Release|Any CPU
		{6F1241BA-B74E-4D9C-B747-73733004250F}.Release|Any CPU.Build.0 = Release|Any CPU
		{34E9D95E-B7CD-41BB-B751-7F75F9B8BB80}.Debug|Any CPU.ActiveCfg = Debug|Any CPU
		{34E9D95E-B7CD-41BB-B751-7F75F9B8BB80}.Debug|Any CPU.Build.0 = Debug|Any CPU
		{34E9D95E-B7CD-41BB-B751-7F75F9B8BB80}.Release|Any CPU.ActiveCfg = Release|Any CPU
		{34E9D95E-B7CD-41BB-B751-7F75F9B8BB80}.Release|Any CPU.Build.0 = Release|Any CPU
		{AF9391FF-4503-49FF-AC6B-EFD3CE8D920A}.Debug|Any CPU.ActiveCfg = Debug|Any CPU
		{AF9391FF-4503-49FF-AC6B-EFD3CE8D920A}.Debug|Any CPU.Build.0 = Debug|Any CPU
		{AF9391FF-4503-49FF-AC6B-EFD3CE8D920A}.Release|Any CPU.ActiveCfg = Release|Any CPU
		{AF9391FF-4503-49FF-AC6B-EFD3CE8D920A}.Release|Any CPU.Build.0 = Release|Any CPU
		{AB54B132-CBD2-40BD-9E77-49061EAB77AF}.Debug|Any CPU.ActiveCfg = Debug|Any CPU
		{AB54B132-CBD2-40BD-9E77-49061EAB77AF}.Debug|Any CPU.Build.0 = Debug|Any CPU
		{AB54B132-CBD2-40BD-9E77-49061EAB77AF}.Release|Any CPU.ActiveCfg = Release|Any CPU
		{AB54B132-CBD2-40BD-9E77-49061EAB77AF}.Release|Any CPU.Build.0 = Release|Any CPU
		{7D6BF96C-0838-4A8B-A327-9C91E4F6FD5E}.Debug|Any CPU.ActiveCfg = Debug|Any CPU
		{7D6BF96C-0838-4A8B-A327-9C91E4F6FD5E}.Debug|Any CPU.Build.0 = Debug|Any CPU
		{7D6BF96C-0838-4A8B-A327-9C91E4F6FD5E}.Release|Any CPU.ActiveCfg = Release|Any CPU
		{7D6BF96C-0838-4A8B-A327-9C91E4F6FD5E}.Release|Any CPU.Build.0 = Release|Any CPU
		{BF41461A-4848-4053-BC79-73B62AC60661}.Debug|Any CPU.ActiveCfg = Debug|Any CPU
		{BF41461A-4848-4053-BC79-73B62AC60661}.Debug|Any CPU.Build.0 = Debug|Any CPU
		{BF41461A-4848-4053-BC79-73B62AC60661}.Release|Any CPU.ActiveCfg = Release|Any CPU
		{BF41461A-4848-4053-BC79-73B62AC60661}.Release|Any CPU.Build.0 = Release|Any CPU
	EndGlobalSection
	GlobalSection(SolutionProperties) = preSolution
		HideSolutionNode = FALSE
	EndGlobalSection
	GlobalSection(NestedProjects) = preSolution
		{106A88BE-3B82-4AB2-AFBE-BE20FDCA860A} = {A061958C-A92D-4BE8-B5C7-8AB4378B55EE}
		{005389D2-82BA-4D2F-8AD9-92FD682E8524} = {53234604-B32E-4656-AC53-8FCD1F715A27}
		{4F301CFC-02CA-4541-BDD0-577479BA914C} = {5448444B-FCBC-4DDD-9FDE-FB724A7AFECF}
		{6F1241BA-B74E-4D9C-B747-73733004250F} = {5448444B-FCBC-4DDD-9FDE-FB724A7AFECF}
		{34E9D95E-B7CD-41BB-B751-7F75F9B8BB80} = {5448444B-FCBC-4DDD-9FDE-FB724A7AFECF}
		{AF9391FF-4503-49FF-AC6B-EFD3CE8D920A} = {5448444B-FCBC-4DDD-9FDE-FB724A7AFECF}
		{AB54B132-CBD2-40BD-9E77-49061EAB77AF} = {5448444B-FCBC-4DDD-9FDE-FB724A7AFECF}
		{7D6BF96C-0838-4A8B-A327-9C91E4F6FD5E} = {A061958C-A92D-4BE8-B5C7-8AB4378B55EE}
		{BF41461A-4848-4053-BC79-73B62AC60661} = {A061958C-A92D-4BE8-B5C7-8AB4378B55EE}
	EndGlobalSection
	GlobalSection(ExtensibilityGlobals) = postSolution
		SolutionGuid = {0B9B6EE5-D9C7-4FA6-958E-952A5D71F279}
	EndGlobalSection
EndGlobal
